// !$*UTF8*$!
{
	archiveVersion = 1;
	classes = {
	};
	objectVersion = 50;
	objects = {

/* Begin PBXBuildFile section */
		337644DCCC40E6A7676E3CA4 /* Pods_AGPhotoEditor.framework in Frameworks */ = {isa = PBXBuildFile; fileRef = 3CE63448E57F04A4903E8D85 /* Pods_AGPhotoEditor.framework */; };
		E9031A6720B43A2A00242A85 /* AGToolBar+Protocol.swift in Sources */ = {isa = PBXBuildFile; fileRef = E9031A6420B43A2A00242A85 /* AGToolBar+Protocol.swift */; };
		E9031A6820B43A2A00242A85 /* AGToolBar.swift in Sources */ = {isa = PBXBuildFile; fileRef = E9031A6520B43A2A00242A85 /* AGToolBar.swift */; };
		E9031A6920B43A2A00242A85 /* AGToolBar.xib in Resources */ = {isa = PBXBuildFile; fileRef = E9031A6620B43A2A00242A85 /* AGToolBar.xib */; };
		E9031A7020B43C6800242A85 /* AGFontInputView.swift in Sources */ = {isa = PBXBuildFile; fileRef = E9031A6F20B43C6800242A85 /* AGFontInputView.swift */; };
		E9031A7220B43C7600242A85 /* AGFontInputView.xib in Resources */ = {isa = PBXBuildFile; fileRef = E9031A7120B43C7600242A85 /* AGFontInputView.xib */; };
		E9031A7620B43D1700242A85 /* AGFontCollectionViewCell.swift in Sources */ = {isa = PBXBuildFile; fileRef = E9031A7420B43D1700242A85 /* AGFontCollectionViewCell.swift */; };
		E9031A7720B43D1700242A85 /* AGFontCollectionViewCell.xib in Resources */ = {isa = PBXBuildFile; fileRef = E9031A7520B43D1700242A85 /* AGFontCollectionViewCell.xib */; };
		E9031A7A20B5418000242A85 /* AGColorInputView.swift in Sources */ = {isa = PBXBuildFile; fileRef = E9031A7920B5418000242A85 /* AGColorInputView.swift */; };
		E9031A7C20B5418B00242A85 /* AGColorInputView.xib in Resources */ = {isa = PBXBuildFile; fileRef = E9031A7B20B5418B00242A85 /* AGColorInputView.xib */; };
		E9031A7F20B5430400242A85 /* AGColorCollectionViewCell.swift in Sources */ = {isa = PBXBuildFile; fileRef = E9031A7D20B5430400242A85 /* AGColorCollectionViewCell.swift */; };
		E9031A8020B5430400242A85 /* AGColorCollectionViewCell.xib in Resources */ = {isa = PBXBuildFile; fileRef = E9031A7E20B5430400242A85 /* AGColorCollectionViewCell.xib */; };
		E9031A8220B563F300242A85 /* AGInputViewsDataSource.swift in Sources */ = {isa = PBXBuildFile; fileRef = E9031A8120B563F300242A85 /* AGInputViewsDataSource.swift */; };
		E9031A8420B5B3E300242A85 /* UIView+Image.swift in Sources */ = {isa = PBXBuildFile; fileRef = E9031A8320B5B3E200242A85 /* UIView+Image.swift */; };
		E9031A8620B5BA3800242A85 /* AGFormatInputView.swift in Sources */ = {isa = PBXBuildFile; fileRef = E9031A8520B5BA3800242A85 /* AGFormatInputView.swift */; };
		E9031A8820B5BA8500242A85 /* AGFormatInputView.xib in Resources */ = {isa = PBXBuildFile; fileRef = E9031A8720B5BA8500242A85 /* AGFormatInputView.xib */; };
		E9031A8A20B6AD4000242A85 /* AGCanvasView+InputView.swift in Sources */ = {isa = PBXBuildFile; fileRef = E9031A8920B6AD4000242A85 /* AGCanvasView+InputView.swift */; };
		E9031A8C20B7043F00242A85 /* AGTextView+Attributed.swift in Sources */ = {isa = PBXBuildFile; fileRef = E9031A8B20B7043F00242A85 /* AGTextView+Attributed.swift */; };
		E9031A8F20BD4B8E00242A85 /* AGCanvasView+Drawing.swift in Sources */ = {isa = PBXBuildFile; fileRef = E9031A8E20BD4B8E00242A85 /* AGCanvasView+Drawing.swift */; };
		E9031A9720BD65F200242A85 /* AGStroke.swift in Sources */ = {isa = PBXBuildFile; fileRef = E9031A9620BD65F200242A85 /* AGStroke.swift */; };
		E9031A9920BD660500242A85 /* AGStrokeSettings.swift in Sources */ = {isa = PBXBuildFile; fileRef = E9031A9820BD660500242A85 /* AGStrokeSettings.swift */; };
		E92FEEF920E3D3EA0037537D /* Particle.png in Resources */ = {isa = PBXBuildFile; fileRef = E92FEEF820E3D3E90037537D /* Particle.png */; };
		E9AFC8C720AD7B8B00FF76E2 /* AppDelegate.swift in Sources */ = {isa = PBXBuildFile; fileRef = E9AFC8C620AD7B8B00FF76E2 /* AppDelegate.swift */; };
		E9AFC8C920AD7B8B00FF76E2 /* ViewController.swift in Sources */ = {isa = PBXBuildFile; fileRef = E9AFC8C820AD7B8B00FF76E2 /* ViewController.swift */; };
		E9AFC8CC20AD7B8B00FF76E2 /* Main.storyboard in Resources */ = {isa = PBXBuildFile; fileRef = E9AFC8CA20AD7B8B00FF76E2 /* Main.storyboard */; };
		E9AFC8CE20AD7B8E00FF76E2 /* Assets.xcassets in Resources */ = {isa = PBXBuildFile; fileRef = E9AFC8CD20AD7B8E00FF76E2 /* Assets.xcassets */; };
		E9AFC8D120AD7B8E00FF76E2 /* LaunchScreen.storyboard in Resources */ = {isa = PBXBuildFile; fileRef = E9AFC8CF20AD7B8E00FF76E2 /* LaunchScreen.storyboard */; };
		E9AFC8DB20AD926600FF76E2 /* AGPhotoControlsViewController.swift in Sources */ = {isa = PBXBuildFile; fileRef = E9AFC8D920AD926600FF76E2 /* AGPhotoControlsViewController.swift */; };
		E9AFC8DC20AD926600FF76E2 /* AGPhotoControlsViewController.xib in Resources */ = {isa = PBXBuildFile; fileRef = E9AFC8DA20AD926600FF76E2 /* AGPhotoControlsViewController.xib */; };
		E9AFC8DE20AD9EBF00FF76E2 /* AGPhotoControls+Controls.swift in Sources */ = {isa = PBXBuildFile; fileRef = E9AFC8DD20AD9EBF00FF76E2 /* AGPhotoControls+Controls.swift */; };
		E9AFC8F120ADB0C200FF76E2 /* AGImageCollectionViewCell.swift in Sources */ = {isa = PBXBuildFile; fileRef = E9AFC8EF20ADB0C200FF76E2 /* AGImageCollectionViewCell.swift */; };
		E9AFC8F220ADB0C200FF76E2 /* AGImageCollectionViewCell.xib in Resources */ = {isa = PBXBuildFile; fileRef = E9AFC8F020ADB0C200FF76E2 /* AGImageCollectionViewCell.xib */; };
		E9AFC8F520ADB13200FF76E2 /* AGImagesViewController.swift in Sources */ = {isa = PBXBuildFile; fileRef = E9AFC8F320ADB13200FF76E2 /* AGImagesViewController.swift */; };
		E9AFC8F620ADB13200FF76E2 /* AGImagesViewController.xib in Resources */ = {isa = PBXBuildFile; fileRef = E9AFC8F420ADB13200FF76E2 /* AGImagesViewController.xib */; };
		E9AFC8F820ADB2A800FF76E2 /* AGProtocols.swift in Sources */ = {isa = PBXBuildFile; fileRef = E9AFC8F720ADB2A800FF76E2 /* AGProtocols.swift */; };
		E9AFC8FA20ADBA4700FF76E2 /* AGPhotoControls+ImagesViewController.swift in Sources */ = {isa = PBXBuildFile; fileRef = E9AFC8F920ADBA4700FF76E2 /* AGPhotoControls+ImagesViewController.swift */; };
		E9AFC90320AEFC4100FF76E2 /* AGCanvasView+Gestures.swift in Sources */ = {isa = PBXBuildFile; fileRef = E9AFC90020AEFC4100FF76E2 /* AGCanvasView+Gestures.swift */; };
		E9AFC90420AEFC4100FF76E2 /* AGCanvasView.xib in Resources */ = {isa = PBXBuildFile; fileRef = E9AFC90120AEFC4100FF76E2 /* AGCanvasView.xib */; };
		E9AFC90520AEFC4100FF76E2 /* AGCanvasView.swift in Sources */ = {isa = PBXBuildFile; fileRef = E9AFC90220AEFC4100FF76E2 /* AGCanvasView.swift */; };
		E9AFC90820AEFD9A00FF76E2 /* UIImageView+Alpha.swift in Sources */ = {isa = PBXBuildFile; fileRef = E9AFC90720AEFD9A00FF76E2 /* UIImageView+Alpha.swift */; };
		E9AFC90A20AF192800FF76E2 /* AGCanvasView+Keyboard.swift in Sources */ = {isa = PBXBuildFile; fileRef = E9AFC90920AF192800FF76E2 /* AGCanvasView+Keyboard.swift */; };
		E9AFC90C20AF19AE00FF76E2 /* AGCanvasView+UITextView.swift in Sources */ = {isa = PBXBuildFile; fileRef = E9AFC90B20AF19AE00FF76E2 /* AGCanvasView+UITextView.swift */; };
		E9F8BF0820C01DBB001FDADE /* NumTypes+Conversion.swift in Sources */ = {isa = PBXBuildFile; fileRef = E9F8BF0720C01DBB001FDADE /* NumTypes+Conversion.swift */; };
		E9F8BF0C20C01DCC001FDADE /* fileUtil.swift in Sources */ = {isa = PBXBuildFile; fileRef = E9F8BF0920C01DCC001FDADE /* fileUtil.swift */; };
		E9F8BF0D20C01DCC001FDADE /* debug.swift in Sources */ = {isa = PBXBuildFile; fileRef = E9F8BF0A20C01DCC001FDADE /* debug.swift */; };
		E9F8BF0E20C01DCC001FDADE /* shaderUtil.swift in Sources */ = {isa = PBXBuildFile; fileRef = E9F8BF0B20C01DCC001FDADE /* shaderUtil.swift */; };
		E9F8BF1120C020D1001FDADE /* point.fsh in Resources */ = {isa = PBXBuildFile; fileRef = E9F8BF0F20C020D1001FDADE /* point.fsh */; };
		E9F8BF1220C020D1001FDADE /* point.vsh in Resources */ = {isa = PBXBuildFile; fileRef = E9F8BF1020C020D1001FDADE /* point.vsh */; };
		E9F8BF1420C02547001FDADE /* AGCanvasView+Brush.swift in Sources */ = {isa = PBXBuildFile; fileRef = E9F8BF1320C02547001FDADE /* AGCanvasView+Brush.swift */; };
		E9FEAB2C20D939EA006BBC5F /* AGFontManager.swift in Sources */ = {isa = PBXBuildFile; fileRef = E9FEAB2B20D939EA006BBC5F /* AGFontManager.swift */; };
/* End PBXBuildFile section */

/* Begin PBXFileReference section */
		3CE63448E57F04A4903E8D85 /* Pods_AGPhotoEditor.framework */ = {isa = PBXFileReference; explicitFileType = wrapper.framework; includeInIndex = 0; path = Pods_AGPhotoEditor.framework; sourceTree = BUILT_PRODUCTS_DIR; };
		94D96CFC0D96F824796C8EAE /* Pods-AGPhotoEditor.release.xcconfig */ = {isa = PBXFileReference; includeInIndex = 1; lastKnownFileType = text.xcconfig; name = "Pods-AGPhotoEditor.release.xcconfig"; path = "Pods/Target Support Files/Pods-AGPhotoEditor/Pods-AGPhotoEditor.release.xcconfig"; sourceTree = "<group>"; };
		D3D8A0A16A0C370E6301AA9B /* Pods-AGPhotoEditor.debug.xcconfig */ = {isa = PBXFileReference; includeInIndex = 1; lastKnownFileType = text.xcconfig; name = "Pods-AGPhotoEditor.debug.xcconfig"; path = "Pods/Target Support Files/Pods-AGPhotoEditor/Pods-AGPhotoEditor.debug.xcconfig"; sourceTree = "<group>"; };
		E9031A6420B43A2A00242A85 /* AGToolBar+Protocol.swift */ = {isa = PBXFileReference; fileEncoding = 4; lastKnownFileType = sourcecode.swift; path = "AGToolBar+Protocol.swift"; sourceTree = "<group>"; };
		E9031A6520B43A2A00242A85 /* AGToolBar.swift */ = {isa = PBXFileReference; fileEncoding = 4; lastKnownFileType = sourcecode.swift; path = AGToolBar.swift; sourceTree = "<group>"; };
		E9031A6620B43A2A00242A85 /* AGToolBar.xib */ = {isa = PBXFileReference; fileEncoding = 4; lastKnownFileType = file.xib; path = AGToolBar.xib; sourceTree = "<group>"; };
		E9031A6F20B43C6800242A85 /* AGFontInputView.swift */ = {isa = PBXFileReference; lastKnownFileType = sourcecode.swift; path = AGFontInputView.swift; sourceTree = "<group>"; };
		E9031A7120B43C7600242A85 /* AGFontInputView.xib */ = {isa = PBXFileReference; lastKnownFileType = file.xib; path = AGFontInputView.xib; sourceTree = "<group>"; };
		E9031A7420B43D1700242A85 /* AGFontCollectionViewCell.swift */ = {isa = PBXFileReference; lastKnownFileType = sourcecode.swift; path = AGFontCollectionViewCell.swift; sourceTree = "<group>"; };
		E9031A7520B43D1700242A85 /* AGFontCollectionViewCell.xib */ = {isa = PBXFileReference; lastKnownFileType = file.xib; path = AGFontCollectionViewCell.xib; sourceTree = "<group>"; };
		E9031A7920B5418000242A85 /* AGColorInputView.swift */ = {isa = PBXFileReference; lastKnownFileType = sourcecode.swift; path = AGColorInputView.swift; sourceTree = "<group>"; };
		E9031A7B20B5418B00242A85 /* AGColorInputView.xib */ = {isa = PBXFileReference; lastKnownFileType = file.xib; path = AGColorInputView.xib; sourceTree = "<group>"; };
		E9031A7D20B5430400242A85 /* AGColorCollectionViewCell.swift */ = {isa = PBXFileReference; lastKnownFileType = sourcecode.swift; path = AGColorCollectionViewCell.swift; sourceTree = "<group>"; };
		E9031A7E20B5430400242A85 /* AGColorCollectionViewCell.xib */ = {isa = PBXFileReference; lastKnownFileType = file.xib; path = AGColorCollectionViewCell.xib; sourceTree = "<group>"; };
		E9031A8120B563F300242A85 /* AGInputViewsDataSource.swift */ = {isa = PBXFileReference; lastKnownFileType = sourcecode.swift; path = AGInputViewsDataSource.swift; sourceTree = "<group>"; };
		E9031A8320B5B3E200242A85 /* UIView+Image.swift */ = {isa = PBXFileReference; fileEncoding = 4; lastKnownFileType = sourcecode.swift; path = "UIView+Image.swift"; sourceTree = "<group>"; };
		E9031A8520B5BA3800242A85 /* AGFormatInputView.swift */ = {isa = PBXFileReference; lastKnownFileType = sourcecode.swift; path = AGFormatInputView.swift; sourceTree = "<group>"; };
		E9031A8720B5BA8500242A85 /* AGFormatInputView.xib */ = {isa = PBXFileReference; lastKnownFileType = file.xib; path = AGFormatInputView.xib; sourceTree = "<group>"; };
		E9031A8920B6AD4000242A85 /* AGCanvasView+InputView.swift */ = {isa = PBXFileReference; lastKnownFileType = sourcecode.swift; path = "AGCanvasView+InputView.swift"; sourceTree = "<group>"; };
		E9031A8B20B7043F00242A85 /* AGTextView+Attributed.swift */ = {isa = PBXFileReference; lastKnownFileType = sourcecode.swift; path = "AGTextView+Attributed.swift"; sourceTree = "<group>"; };
		E9031A8E20BD4B8E00242A85 /* AGCanvasView+Drawing.swift */ = {isa = PBXFileReference; fileEncoding = 4; lastKnownFileType = sourcecode.swift; path = "AGCanvasView+Drawing.swift"; sourceTree = "<group>"; };
		E9031A9620BD65F200242A85 /* AGStroke.swift */ = {isa = PBXFileReference; lastKnownFileType = sourcecode.swift; path = AGStroke.swift; sourceTree = "<group>"; };
		E9031A9820BD660500242A85 /* AGStrokeSettings.swift */ = {isa = PBXFileReference; lastKnownFileType = sourcecode.swift; path = AGStrokeSettings.swift; sourceTree = "<group>"; };
		E92FEEF820E3D3E90037537D /* Particle.png */ = {isa = PBXFileReference; lastKnownFileType = image.png; path = Particle.png; sourceTree = "<group>"; };
		E9AFC8C320AD7B8B00FF76E2 /* AGPhotoEditor.app */ = {isa = PBXFileReference; explicitFileType = wrapper.application; includeInIndex = 0; path = AGPhotoEditor.app; sourceTree = BUILT_PRODUCTS_DIR; };
		E9AFC8C620AD7B8B00FF76E2 /* AppDelegate.swift */ = {isa = PBXFileReference; lastKnownFileType = sourcecode.swift; path = AppDelegate.swift; sourceTree = "<group>"; };
		E9AFC8C820AD7B8B00FF76E2 /* ViewController.swift */ = {isa = PBXFileReference; lastKnownFileType = sourcecode.swift; path = ViewController.swift; sourceTree = "<group>"; };
		E9AFC8CB20AD7B8B00FF76E2 /* Base */ = {isa = PBXFileReference; lastKnownFileType = file.storyboard; name = Base; path = Base.lproj/Main.storyboard; sourceTree = "<group>"; };
		E9AFC8CD20AD7B8E00FF76E2 /* Assets.xcassets */ = {isa = PBXFileReference; lastKnownFileType = folder.assetcatalog; path = Assets.xcassets; sourceTree = "<group>"; };
		E9AFC8D020AD7B8E00FF76E2 /* Base */ = {isa = PBXFileReference; lastKnownFileType = file.storyboard; name = Base; path = Base.lproj/LaunchScreen.storyboard; sourceTree = "<group>"; };
		E9AFC8D220AD7B8E00FF76E2 /* Info.plist */ = {isa = PBXFileReference; lastKnownFileType = text.plist.xml; path = Info.plist; sourceTree = "<group>"; };
		E9AFC8D920AD926600FF76E2 /* AGPhotoControlsViewController.swift */ = {isa = PBXFileReference; lastKnownFileType = sourcecode.swift; path = AGPhotoControlsViewController.swift; sourceTree = "<group>"; };
		E9AFC8DA20AD926600FF76E2 /* AGPhotoControlsViewController.xib */ = {isa = PBXFileReference; lastKnownFileType = file.xib; path = AGPhotoControlsViewController.xib; sourceTree = "<group>"; };
		E9AFC8DD20AD9EBF00FF76E2 /* AGPhotoControls+Controls.swift */ = {isa = PBXFileReference; lastKnownFileType = sourcecode.swift; path = "AGPhotoControls+Controls.swift"; sourceTree = "<group>"; };
		E9AFC8EF20ADB0C200FF76E2 /* AGImageCollectionViewCell.swift */ = {isa = PBXFileReference; lastKnownFileType = sourcecode.swift; path = AGImageCollectionViewCell.swift; sourceTree = "<group>"; };
		E9AFC8F020ADB0C200FF76E2 /* AGImageCollectionViewCell.xib */ = {isa = PBXFileReference; lastKnownFileType = file.xib; path = AGImageCollectionViewCell.xib; sourceTree = "<group>"; };
		E9AFC8F320ADB13200FF76E2 /* AGImagesViewController.swift */ = {isa = PBXFileReference; lastKnownFileType = sourcecode.swift; path = AGImagesViewController.swift; sourceTree = "<group>"; };
		E9AFC8F420ADB13200FF76E2 /* AGImagesViewController.xib */ = {isa = PBXFileReference; lastKnownFileType = file.xib; path = AGImagesViewController.xib; sourceTree = "<group>"; };
		E9AFC8F720ADB2A800FF76E2 /* AGProtocols.swift */ = {isa = PBXFileReference; lastKnownFileType = sourcecode.swift; path = AGProtocols.swift; sourceTree = "<group>"; };
		E9AFC8F920ADBA4700FF76E2 /* AGPhotoControls+ImagesViewController.swift */ = {isa = PBXFileReference; lastKnownFileType = sourcecode.swift; path = "AGPhotoControls+ImagesViewController.swift"; sourceTree = "<group>"; };
		E9AFC90020AEFC4100FF76E2 /* AGCanvasView+Gestures.swift */ = {isa = PBXFileReference; fileEncoding = 4; lastKnownFileType = sourcecode.swift; path = "AGCanvasView+Gestures.swift"; sourceTree = "<group>"; };
		E9AFC90120AEFC4100FF76E2 /* AGCanvasView.xib */ = {isa = PBXFileReference; fileEncoding = 4; lastKnownFileType = file.xib; path = AGCanvasView.xib; sourceTree = "<group>"; };
		E9AFC90220AEFC4100FF76E2 /* AGCanvasView.swift */ = {isa = PBXFileReference; fileEncoding = 4; lastKnownFileType = sourcecode.swift; path = AGCanvasView.swift; sourceTree = "<group>"; };
		E9AFC90720AEFD9A00FF76E2 /* UIImageView+Alpha.swift */ = {isa = PBXFileReference; fileEncoding = 4; lastKnownFileType = sourcecode.swift; path = "UIImageView+Alpha.swift"; sourceTree = "<group>"; };
		E9AFC90920AF192800FF76E2 /* AGCanvasView+Keyboard.swift */ = {isa = PBXFileReference; lastKnownFileType = sourcecode.swift; path = "AGCanvasView+Keyboard.swift"; sourceTree = "<group>"; };
		E9AFC90B20AF19AE00FF76E2 /* AGCanvasView+UITextView.swift */ = {isa = PBXFileReference; lastKnownFileType = sourcecode.swift; path = "AGCanvasView+UITextView.swift"; sourceTree = "<group>"; };
		E9F8BF0720C01DBB001FDADE /* NumTypes+Conversion.swift */ = {isa = PBXFileReference; fileEncoding = 4; lastKnownFileType = sourcecode.swift; path = "NumTypes+Conversion.swift"; sourceTree = "<group>"; };
		E9F8BF0920C01DCC001FDADE /* fileUtil.swift */ = {isa = PBXFileReference; fileEncoding = 4; lastKnownFileType = sourcecode.swift; path = fileUtil.swift; sourceTree = "<group>"; };
		E9F8BF0A20C01DCC001FDADE /* debug.swift */ = {isa = PBXFileReference; fileEncoding = 4; lastKnownFileType = sourcecode.swift; path = debug.swift; sourceTree = "<group>"; };
		E9F8BF0B20C01DCC001FDADE /* shaderUtil.swift */ = {isa = PBXFileReference; fileEncoding = 4; lastKnownFileType = sourcecode.swift; path = shaderUtil.swift; sourceTree = "<group>"; };
		E9F8BF0F20C020D1001FDADE /* point.fsh */ = {isa = PBXFileReference; fileEncoding = 4; lastKnownFileType = sourcecode.glsl; path = point.fsh; sourceTree = "<group>"; };
		E9F8BF1020C020D1001FDADE /* point.vsh */ = {isa = PBXFileReference; fileEncoding = 4; lastKnownFileType = sourcecode.glsl; path = point.vsh; sourceTree = "<group>"; };
		E9F8BF1320C02547001FDADE /* AGCanvasView+Brush.swift */ = {isa = PBXFileReference; lastKnownFileType = sourcecode.swift; path = "AGCanvasView+Brush.swift"; sourceTree = "<group>"; };
		E9FEAB2B20D939EA006BBC5F /* AGFontManager.swift */ = {isa = PBXFileReference; lastKnownFileType = sourcecode.swift; path = AGFontManager.swift; sourceTree = "<group>"; };
/* End PBXFileReference section */

/* Begin PBXFrameworksBuildPhase section */
		E9AFC8C020AD7B8B00FF76E2 /* Frameworks */ = {
			isa = PBXFrameworksBuildPhase;
			buildActionMask = 2147483647;
			files = (
				337644DCCC40E6A7676E3CA4 /* Pods_AGPhotoEditor.framework in Frameworks */,
			);
			runOnlyForDeploymentPostprocessing = 0;
		};
/* End PBXFrameworksBuildPhase section */

/* Begin PBXGroup section */
		4D789460EA28AAF6B910108E /* Pods */ = {
			isa = PBXGroup;
			children = (
				D3D8A0A16A0C370E6301AA9B /* Pods-AGPhotoEditor.debug.xcconfig */,
				94D96CFC0D96F824796C8EAE /* Pods-AGPhotoEditor.release.xcconfig */,
			);
			name = Pods;
			sourceTree = "<group>";
		};
		6A79AD4CC9B4586D11A427A5 /* Frameworks */ = {
			isa = PBXGroup;
			children = (
				3CE63448E57F04A4903E8D85 /* Pods_AGPhotoEditor.framework */,
			);
			name = Frameworks;
			sourceTree = "<group>";
		};
		E9031A6220B43A2A00242A85 /* AGInputViews */ = {
			isa = PBXGroup;
			children = (
				E9031A6C20B43C5800242A85 /* AGColorInputView */,
				E9031A6D20B43C5900242A85 /* AGFontInputView */,
				E9031A6E20B43C5900242A85 /* AGFormatInputView */,
				E9031A8120B563F300242A85 /* AGInputViewsDataSource.swift */,
			);
			path = AGInputViews;
			sourceTree = "<group>";
		};
		E9031A6320B43A2A00242A85 /* AGToolBar */ = {
			isa = PBXGroup;
			children = (
				E9031A6420B43A2A00242A85 /* AGToolBar+Protocol.swift */,
				E9031A6520B43A2A00242A85 /* AGToolBar.swift */,
				E9031A6620B43A2A00242A85 /* AGToolBar.xib */,
			);
			path = AGToolBar;
			sourceTree = "<group>";
		};
		E9031A6C20B43C5800242A85 /* AGColorInputView */ = {
			isa = PBXGroup;
			children = (
				E9031A7820B5416D00242A85 /* Cell */,
				E9031A7920B5418000242A85 /* AGColorInputView.swift */,
				E9031A7B20B5418B00242A85 /* AGColorInputView.xib */,
			);
			path = AGColorInputView;
			sourceTree = "<group>";
		};
		E9031A6D20B43C5900242A85 /* AGFontInputView */ = {
			isa = PBXGroup;
			children = (
				E9031A6F20B43C6800242A85 /* AGFontInputView.swift */,
				E9031A7120B43C7600242A85 /* AGFontInputView.xib */,
				E9031A7320B43D0000242A85 /* Cell */,
			);
			path = AGFontInputView;
			sourceTree = "<group>";
		};
		E9031A6E20B43C5900242A85 /* AGFormatInputView */ = {
			isa = PBXGroup;
			children = (
				E9031A8520B5BA3800242A85 /* AGFormatInputView.swift */,
				E9031A8720B5BA8500242A85 /* AGFormatInputView.xib */,
			);
			path = AGFormatInputView;
			sourceTree = "<group>";
		};
		E9031A7320B43D0000242A85 /* Cell */ = {
			isa = PBXGroup;
			children = (
				E9031A7420B43D1700242A85 /* AGFontCollectionViewCell.swift */,
				E9031A7520B43D1700242A85 /* AGFontCollectionViewCell.xib */,
			);
			path = Cell;
			sourceTree = "<group>";
		};
		E9031A7820B5416D00242A85 /* Cell */ = {
			isa = PBXGroup;
			children = (
				E9031A7D20B5430400242A85 /* AGColorCollectionViewCell.swift */,
				E9031A7E20B5430400242A85 /* AGColorCollectionViewCell.xib */,
			);
			path = Cell;
			sourceTree = "<group>";
		};
		E9031A8D20BD4B8E00242A85 /* Drawing */ = {
			isa = PBXGroup;
			children = (
				E92FEEF820E3D3E90037537D /* Particle.png */,
				E9F8BF0520C01D93001FDADE /* OtherSource */,
				E9F8BF0620C01D93001FDADE /* Shaders */,
				E9031A8E20BD4B8E00242A85 /* AGCanvasView+Drawing.swift */,
				E9F8BF1320C02547001FDADE /* AGCanvasView+Brush.swift */,
				E9031A9620BD65F200242A85 /* AGStroke.swift */,
				E9031A9820BD660500242A85 /* AGStrokeSettings.swift */,
			);
			path = Drawing;
			sourceTree = "<group>";
		};
		E9AFC8BA20AD7B8A00FF76E2 = {
			isa = PBXGroup;
			children = (
				E9AFC8C520AD7B8B00FF76E2 /* AGPhotoEditor */,
				E9AFC8C420AD7B8B00FF76E2 /* Products */,
				4D789460EA28AAF6B910108E /* Pods */,
				6A79AD4CC9B4586D11A427A5 /* Frameworks */,
			);
			sourceTree = "<group>";
		};
		E9AFC8C420AD7B8B00FF76E2 /* Products */ = {
			isa = PBXGroup;
			children = (
				E9AFC8C320AD7B8B00FF76E2 /* AGPhotoEditor.app */,
			);
			name = Products;
			sourceTree = "<group>";
		};
		E9AFC8C520AD7B8B00FF76E2 /* AGPhotoEditor */ = {
			isa = PBXGroup;
			children = (
				E9AFC8C620AD7B8B00FF76E2 /* AppDelegate.swift */,
				E9AFC8C820AD7B8B00FF76E2 /* ViewController.swift */,
				E9AFC8CA20AD7B8B00FF76E2 /* Main.storyboard */,
				E9AFC8D820AD7EF700FF76E2 /* AGPhotoControls */,
				E9AFC8CD20AD7B8E00FF76E2 /* Assets.xcassets */,
				E9AFC8CF20AD7B8E00FF76E2 /* LaunchScreen.storyboard */,
				E9AFC8D220AD7B8E00FF76E2 /* Info.plist */,
				E9FEAB2B20D939EA006BBC5F /* AGFontManager.swift */,
			);
			path = AGPhotoEditor;
			sourceTree = "<group>";
		};
		E9AFC8D820AD7EF700FF76E2 /* AGPhotoControls */ = {
			isa = PBXGroup;
			children = (
				E9AFC91120B4243700FF76E2 /* AGCustomViews */,
				E9AFC90620AEFD9A00FF76E2 /* Extensions */,
				E9AFC8FF20AEFC4100FF76E2 /* AGCanvasView */,
				E9AFC8D920AD926600FF76E2 /* AGPhotoControlsViewController.swift */,
				E9AFC8DA20AD926600FF76E2 /* AGPhotoControlsViewController.xib */,
				E9AFC8DD20AD9EBF00FF76E2 /* AGPhotoControls+Controls.swift */,
				E9AFC8EF20ADB0C200FF76E2 /* AGImageCollectionViewCell.swift */,
				E9AFC8F020ADB0C200FF76E2 /* AGImageCollectionViewCell.xib */,
				E9AFC8F320ADB13200FF76E2 /* AGImagesViewController.swift */,
				E9AFC8F420ADB13200FF76E2 /* AGImagesViewController.xib */,
				E9AFC8F720ADB2A800FF76E2 /* AGProtocols.swift */,
				E9AFC8F920ADBA4700FF76E2 /* AGPhotoControls+ImagesViewController.swift */,
			);
			path = AGPhotoControls;
			sourceTree = "<group>";
		};
		E9AFC8FF20AEFC4100FF76E2 /* AGCanvasView */ = {
			isa = PBXGroup;
			children = (
				E9AFC90020AEFC4100FF76E2 /* AGCanvasView+Gestures.swift */,
				E9AFC90920AF192800FF76E2 /* AGCanvasView+Keyboard.swift */,
				E9AFC90B20AF19AE00FF76E2 /* AGCanvasView+UITextView.swift */,
				E9031A8920B6AD4000242A85 /* AGCanvasView+InputView.swift */,
				E9AFC90120AEFC4100FF76E2 /* AGCanvasView.xib */,
				E9AFC90220AEFC4100FF76E2 /* AGCanvasView.swift */,
				E9031A8D20BD4B8E00242A85 /* Drawing */,
			);
			path = AGCanvasView;
			sourceTree = "<group>";
		};
		E9AFC90620AEFD9A00FF76E2 /* Extensions */ = {
			isa = PBXGroup;
			children = (
				E9AFC90720AEFD9A00FF76E2 /* UIImageView+Alpha.swift */,
				E9031A8320B5B3E200242A85 /* UIView+Image.swift */,
				E9031A8B20B7043F00242A85 /* AGTextView+Attributed.swift */,
			);
			path = Extensions;
			sourceTree = "<group>";
		};
		E9AFC91120B4243700FF76E2 /* AGCustomViews */ = {
			isa = PBXGroup;
			children = (
				E9031A6220B43A2A00242A85 /* AGInputViews */,
				E9031A6320B43A2A00242A85 /* AGToolBar */,
			);
			path = AGCustomViews;
			sourceTree = "<group>";
		};
		E9F8BF0520C01D93001FDADE /* OtherSource */ = {
			isa = PBXGroup;
			children = (
				E9F8BF0720C01DBB001FDADE /* NumTypes+Conversion.swift */,
				E9F8BF0A20C01DCC001FDADE /* debug.swift */,
				E9F8BF0920C01DCC001FDADE /* fileUtil.swift */,
				E9F8BF0B20C01DCC001FDADE /* shaderUtil.swift */,
			);
			path = OtherSource;
			sourceTree = "<group>";
		};
		E9F8BF0620C01D93001FDADE /* Shaders */ = {
			isa = PBXGroup;
			children = (
				E9F8BF0F20C020D1001FDADE /* point.fsh */,
				E9F8BF1020C020D1001FDADE /* point.vsh */,
			);
			path = Shaders;
			sourceTree = "<group>";
		};
/* End PBXGroup section */

/* Begin PBXNativeTarget section */
		E9AFC8C220AD7B8B00FF76E2 /* AGPhotoEditor */ = {
			isa = PBXNativeTarget;
			buildConfigurationList = E9AFC8D520AD7B8E00FF76E2 /* Build configuration list for PBXNativeTarget "AGPhotoEditor" */;
			buildPhases = (
				B5447BDECA47E8044871F53A /* [CP] Check Pods Manifest.lock */,
				E9AFC8BF20AD7B8B00FF76E2 /* Sources */,
				E9AFC8C020AD7B8B00FF76E2 /* Frameworks */,
				E9AFC8C120AD7B8B00FF76E2 /* Resources */,
				580BC1CE0D1A1CA54A41A3C1 /* [CP] Embed Pods Frameworks */,
			);
			buildRules = (
			);
			dependencies = (
			);
			name = AGPhotoEditor;
			productName = AGPhotoEditor;
			productReference = E9AFC8C320AD7B8B00FF76E2 /* AGPhotoEditor.app */;
			productType = "com.apple.product-type.application";
		};
/* End PBXNativeTarget section */

/* Begin PBXProject section */
		E9AFC8BB20AD7B8A00FF76E2 /* Project object */ = {
			isa = PBXProject;
			attributes = {
				CLASSPREFIX = AG;
				LastSwiftUpdateCheck = 0930;
				LastUpgradeCheck = 0930;
				ORGANIZATIONNAME = Agilie;
				TargetAttributes = {
					E9AFC8C220AD7B8B00FF76E2 = {
						CreatedOnToolsVersion = 9.3;
					};
				};
			};
			buildConfigurationList = E9AFC8BE20AD7B8A00FF76E2 /* Build configuration list for PBXProject "AGPhotoEditor" */;
			compatibilityVersion = "Xcode 9.3";
			developmentRegion = en;
			hasScannedForEncodings = 0;
			knownRegions = (
				en,
				Base,
			);
			mainGroup = E9AFC8BA20AD7B8A00FF76E2;
			productRefGroup = E9AFC8C420AD7B8B00FF76E2 /* Products */;
			projectDirPath = "";
			projectRoot = "";
			targets = (
				E9AFC8C220AD7B8B00FF76E2 /* AGPhotoEditor */,
			);
		};
/* End PBXProject section */

/* Begin PBXResourcesBuildPhase section */
		E9AFC8C120AD7B8B00FF76E2 /* Resources */ = {
			isa = PBXResourcesBuildPhase;
			buildActionMask = 2147483647;
			files = (
				E9AFC8F220ADB0C200FF76E2 /* AGImageCollectionViewCell.xib in Resources */,
				E9031A6920B43A2A00242A85 /* AGToolBar.xib in Resources */,
				E9F8BF1220C020D1001FDADE /* point.vsh in Resources */,
				E92FEEF920E3D3EA0037537D /* Particle.png in Resources */,
				E9AFC8D120AD7B8E00FF76E2 /* LaunchScreen.storyboard in Resources */,
				E9AFC90420AEFC4100FF76E2 /* AGCanvasView.xib in Resources */,
				E9031A7C20B5418B00242A85 /* AGColorInputView.xib in Resources */,
				E9031A8820B5BA8500242A85 /* AGFormatInputView.xib in Resources */,
				E9AFC8DC20AD926600FF76E2 /* AGPhotoControlsViewController.xib in Resources */,
				E9AFC8CE20AD7B8E00FF76E2 /* Assets.xcassets in Resources */,
				E9AFC8F620ADB13200FF76E2 /* AGImagesViewController.xib in Resources */,
				E9031A8020B5430400242A85 /* AGColorCollectionViewCell.xib in Resources */,
				E9AFC8CC20AD7B8B00FF76E2 /* Main.storyboard in Resources */,
				E9031A7220B43C7600242A85 /* AGFontInputView.xib in Resources */,
				E9F8BF1120C020D1001FDADE /* point.fsh in Resources */,
				E9031A7720B43D1700242A85 /* AGFontCollectionViewCell.xib in Resources */,
			);
			runOnlyForDeploymentPostprocessing = 0;
		};
/* End PBXResourcesBuildPhase section */

/* Begin PBXShellScriptBuildPhase section */
		580BC1CE0D1A1CA54A41A3C1 /* [CP] Embed Pods Frameworks */ = {
			isa = PBXShellScriptBuildPhase;
			buildActionMask = 2147483647;
			files = (
			);
			inputPaths = (
				"${SRCROOT}/Pods/Target Support Files/Pods-AGPhotoEditor/Pods-AGPhotoEditor-frameworks.sh",
				"${BUILT_PRODUCTS_DIR}/Alamofire/Alamofire.framework",
			);
			name = "[CP] Embed Pods Frameworks";
			outputPaths = (
				"${TARGET_BUILD_DIR}/${FRAMEWORKS_FOLDER_PATH}/Alamofire.framework",
			);
			runOnlyForDeploymentPostprocessing = 0;
			shellPath = /bin/sh;
			shellScript = "\"${SRCROOT}/Pods/Target Support Files/Pods-AGPhotoEditor/Pods-AGPhotoEditor-frameworks.sh\"\n";
			showEnvVarsInLog = 0;
		};
		B5447BDECA47E8044871F53A /* [CP] Check Pods Manifest.lock */ = {
			isa = PBXShellScriptBuildPhase;
			buildActionMask = 2147483647;
			files = (
			);
			inputPaths = (
				"${PODS_PODFILE_DIR_PATH}/Podfile.lock",
				"${PODS_ROOT}/Manifest.lock",
			);
			name = "[CP] Check Pods Manifest.lock";
			outputPaths = (
				"$(DERIVED_FILE_DIR)/Pods-AGPhotoEditor-checkManifestLockResult.txt",
			);
			runOnlyForDeploymentPostprocessing = 0;
			shellPath = /bin/sh;
			shellScript = "diff \"${PODS_PODFILE_DIR_PATH}/Podfile.lock\" \"${PODS_ROOT}/Manifest.lock\" > /dev/null\nif [ $? != 0 ] ; then\n    # print error to STDERR\n    echo \"error: The sandbox is not in sync with the Podfile.lock. Run 'pod install' or update your CocoaPods installation.\" >&2\n    exit 1\nfi\n# This output is used by Xcode 'outputs' to avoid re-running this script phase.\necho \"SUCCESS\" > \"${SCRIPT_OUTPUT_FILE_0}\"\n";
			showEnvVarsInLog = 0;
		};
/* End PBXShellScriptBuildPhase section */

/* Begin PBXSourcesBuildPhase section */
		E9AFC8BF20AD7B8B00FF76E2 /* Sources */ = {
			isa = PBXSourcesBuildPhase;
			buildActionMask = 2147483647;
			files = (
				E9031A8620B5BA3800242A85 /* AGFormatInputView.swift in Sources */,
				E9F8BF1420C02547001FDADE /* AGCanvasView+Brush.swift in Sources */,
				E9031A8420B5B3E300242A85 /* UIView+Image.swift in Sources */,
				E9FEAB2C20D939EA006BBC5F /* AGFontManager.swift in Sources */,
				E9031A7F20B5430400242A85 /* AGColorCollectionViewCell.swift in Sources */,
				E9F8BF0C20C01DCC001FDADE /* fileUtil.swift in Sources */,
				E9AFC90C20AF19AE00FF76E2 /* AGCanvasView+UITextView.swift in Sources */,
				E9031A8A20B6AD4000242A85 /* AGCanvasView+InputView.swift in Sources */,
				E9AFC8DB20AD926600FF76E2 /* AGPhotoControlsViewController.swift in Sources */,
				E9F8BF0820C01DBB001FDADE /* NumTypes+Conversion.swift in Sources */,
				E9AFC8C920AD7B8B00FF76E2 /* ViewController.swift in Sources */,
				E9031A7A20B5418000242A85 /* AGColorInputView.swift in Sources */,
				E9031A6720B43A2A00242A85 /* AGToolBar+Protocol.swift in Sources */,
				E9031A9720BD65F200242A85 /* AGStroke.swift in Sources */,
				E9AFC8F120ADB0C200FF76E2 /* AGImageCollectionViewCell.swift in Sources */,
				E9031A6820B43A2A00242A85 /* AGToolBar.swift in Sources */,
				E9AFC90320AEFC4100FF76E2 /* AGCanvasView+Gestures.swift in Sources */,
				E9031A8F20BD4B8E00242A85 /* AGCanvasView+Drawing.swift in Sources */,
				E9AFC90820AEFD9A00FF76E2 /* UIImageView+Alpha.swift in Sources */,
				E9AFC8F520ADB13200FF76E2 /* AGImagesViewController.swift in Sources */,
				E9AFC8DE20AD9EBF00FF76E2 /* AGPhotoControls+Controls.swift in Sources */,
				E9AFC8F820ADB2A800FF76E2 /* AGProtocols.swift in Sources */,
				E9031A8220B563F300242A85 /* AGInputViewsDataSource.swift in Sources */,
				E9AFC8C720AD7B8B00FF76E2 /* AppDelegate.swift in Sources */,
				E9031A8C20B7043F00242A85 /* AGTextView+Attributed.swift in Sources */,
				E9AFC90A20AF192800FF76E2 /* AGCanvasView+Keyboard.swift in Sources */,
				E9031A7020B43C6800242A85 /* AGFontInputView.swift in Sources */,
				E9F8BF0E20C01DCC001FDADE /* shaderUtil.swift in Sources */,
				E9F8BF0D20C01DCC001FDADE /* debug.swift in Sources */,
				E9AFC8FA20ADBA4700FF76E2 /* AGPhotoControls+ImagesViewController.swift in Sources */,
				E9AFC90520AEFC4100FF76E2 /* AGCanvasView.swift in Sources */,
				E9031A9920BD660500242A85 /* AGStrokeSettings.swift in Sources */,
				E9031A7620B43D1700242A85 /* AGFontCollectionViewCell.swift in Sources */,
			);
			runOnlyForDeploymentPostprocessing = 0;
		};
/* End PBXSourcesBuildPhase section */

/* Begin PBXVariantGroup section */
		E9AFC8CA20AD7B8B00FF76E2 /* Main.storyboard */ = {
			isa = PBXVariantGroup;
			children = (
				E9AFC8CB20AD7B8B00FF76E2 /* Base */,
			);
			name = Main.storyboard;
			sourceTree = "<group>";
		};
		E9AFC8CF20AD7B8E00FF76E2 /* LaunchScreen.storyboard */ = {
			isa = PBXVariantGroup;
			children = (
				E9AFC8D020AD7B8E00FF76E2 /* Base */,
			);
			name = LaunchScreen.storyboard;
			sourceTree = "<group>";
		};
/* End PBXVariantGroup section */

/* Begin XCBuildConfiguration section */
		E9AFC8D320AD7B8E00FF76E2 /* Debug */ = {
			isa = XCBuildConfiguration;
			buildSettings = {
				ALWAYS_SEARCH_USER_PATHS = NO;
				CLANG_ANALYZER_NONNULL = YES;
				CLANG_ANALYZER_NUMBER_OBJECT_CONVERSION = YES_AGGRESSIVE;
				CLANG_CXX_LANGUAGE_STANDARD = "gnu++14";
				CLANG_CXX_LIBRARY = "libc++";
				CLANG_ENABLE_MODULES = YES;
				CLANG_ENABLE_OBJC_ARC = YES;
				CLANG_ENABLE_OBJC_WEAK = YES;
				CLANG_WARN_BLOCK_CAPTURE_AUTORELEASING = YES;
				CLANG_WARN_BOOL_CONVERSION = YES;
				CLANG_WARN_COMMA = YES;
				CLANG_WARN_CONSTANT_CONVERSION = YES;
				CLANG_WARN_DEPRECATED_OBJC_IMPLEMENTATIONS = YES;
				CLANG_WARN_DIRECT_OBJC_ISA_USAGE = YES_ERROR;
				CLANG_WARN_DOCUMENTATION_COMMENTS = YES;
				CLANG_WARN_EMPTY_BODY = YES;
				CLANG_WARN_ENUM_CONVERSION = YES;
				CLANG_WARN_INFINITE_RECURSION = YES;
				CLANG_WARN_INT_CONVERSION = YES;
				CLANG_WARN_NON_LITERAL_NULL_CONVERSION = YES;
				CLANG_WARN_OBJC_IMPLICIT_RETAIN_SELF = YES;
				CLANG_WARN_OBJC_LITERAL_CONVERSION = YES;
				CLANG_WARN_OBJC_ROOT_CLASS = YES_ERROR;
				CLANG_WARN_RANGE_LOOP_ANALYSIS = YES;
				CLANG_WARN_STRICT_PROTOTYPES = YES;
				CLANG_WARN_SUSPICIOUS_MOVE = YES;
				CLANG_WARN_UNGUARDED_AVAILABILITY = YES_AGGRESSIVE;
				CLANG_WARN_UNREACHABLE_CODE = YES;
				CLANG_WARN__DUPLICATE_METHOD_MATCH = YES;
				CODE_SIGN_IDENTITY = "iPhone Developer";
				COPY_PHASE_STRIP = NO;
				DEBUG_INFORMATION_FORMAT = dwarf;
				ENABLE_STRICT_OBJC_MSGSEND = YES;
				ENABLE_TESTABILITY = YES;
				GCC_C_LANGUAGE_STANDARD = gnu11;
				GCC_DYNAMIC_NO_PIC = NO;
				GCC_NO_COMMON_BLOCKS = YES;
				GCC_OPTIMIZATION_LEVEL = 0;
				GCC_PREPROCESSOR_DEFINITIONS = (
					"DEBUG=1",
					"$(inherited)",
				);
				GCC_WARN_64_TO_32_BIT_CONVERSION = YES;
				GCC_WARN_ABOUT_RETURN_TYPE = YES_ERROR;
				GCC_WARN_UNDECLARED_SELECTOR = YES;
				GCC_WARN_UNINITIALIZED_AUTOS = YES_AGGRESSIVE;
				GCC_WARN_UNUSED_FUNCTION = YES;
				GCC_WARN_UNUSED_VARIABLE = YES;
				IPHONEOS_DEPLOYMENT_TARGET = 11.3;
				MTL_ENABLE_DEBUG_INFO = YES;
				ONLY_ACTIVE_ARCH = YES;
				SDKROOT = iphoneos;
				SWIFT_ACTIVE_COMPILATION_CONDITIONS = DEBUG;
				SWIFT_OPTIMIZATION_LEVEL = "-Onone";
			};
			name = Debug;
		};
		E9AFC8D420AD7B8E00FF76E2 /* Release */ = {
			isa = XCBuildConfiguration;
			buildSettings = {
				ALWAYS_SEARCH_USER_PATHS = NO;
				CLANG_ANALYZER_NONNULL = YES;
				CLANG_ANALYZER_NUMBER_OBJECT_CONVERSION = YES_AGGRESSIVE;
				CLANG_CXX_LANGUAGE_STANDARD = "gnu++14";
				CLANG_CXX_LIBRARY = "libc++";
				CLANG_ENABLE_MODULES = YES;
				CLANG_ENABLE_OBJC_ARC = YES;
				CLANG_ENABLE_OBJC_WEAK = YES;
				CLANG_WARN_BLOCK_CAPTURE_AUTORELEASING = YES;
				CLANG_WARN_BOOL_CONVERSION = YES;
				CLANG_WARN_COMMA = YES;
				CLANG_WARN_CONSTANT_CONVERSION = YES;
				CLANG_WARN_DEPRECATED_OBJC_IMPLEMENTATIONS = YES;
				CLANG_WARN_DIRECT_OBJC_ISA_USAGE = YES_ERROR;
				CLANG_WARN_DOCUMENTATION_COMMENTS = YES;
				CLANG_WARN_EMPTY_BODY = YES;
				CLANG_WARN_ENUM_CONVERSION = YES;
				CLANG_WARN_INFINITE_RECURSION = YES;
				CLANG_WARN_INT_CONVERSION = YES;
				CLANG_WARN_NON_LITERAL_NULL_CONVERSION = YES;
				CLANG_WARN_OBJC_IMPLICIT_RETAIN_SELF = YES;
				CLANG_WARN_OBJC_LITERAL_CONVERSION = YES;
				CLANG_WARN_OBJC_ROOT_CLASS = YES_ERROR;
				CLANG_WARN_RANGE_LOOP_ANALYSIS = YES;
				CLANG_WARN_STRICT_PROTOTYPES = YES;
				CLANG_WARN_SUSPICIOUS_MOVE = YES;
				CLANG_WARN_UNGUARDED_AVAILABILITY = YES_AGGRESSIVE;
				CLANG_WARN_UNREACHABLE_CODE = YES;
				CLANG_WARN__DUPLICATE_METHOD_MATCH = YES;
				CODE_SIGN_IDENTITY = "iPhone Developer";
				COPY_PHASE_STRIP = NO;
				DEBUG_INFORMATION_FORMAT = "dwarf-with-dsym";
				ENABLE_NS_ASSERTIONS = NO;
				ENABLE_STRICT_OBJC_MSGSEND = YES;
				GCC_C_LANGUAGE_STANDARD = gnu11;
				GCC_NO_COMMON_BLOCKS = YES;
				GCC_WARN_64_TO_32_BIT_CONVERSION = YES;
				GCC_WARN_ABOUT_RETURN_TYPE = YES_ERROR;
				GCC_WARN_UNDECLARED_SELECTOR = YES;
				GCC_WARN_UNINITIALIZED_AUTOS = YES_AGGRESSIVE;
				GCC_WARN_UNUSED_FUNCTION = YES;
				GCC_WARN_UNUSED_VARIABLE = YES;
				IPHONEOS_DEPLOYMENT_TARGET = 11.3;
				MTL_ENABLE_DEBUG_INFO = NO;
				SDKROOT = iphoneos;
				SWIFT_COMPILATION_MODE = wholemodule;
				SWIFT_OPTIMIZATION_LEVEL = "-O";
				VALIDATE_PRODUCT = YES;
			};
			name = Release;
		};
		E9AFC8D620AD7B8E00FF76E2 /* Debug */ = {
			isa = XCBuildConfiguration;
			baseConfigurationReference = D3D8A0A16A0C370E6301AA9B /* Pods-AGPhotoEditor.debug.xcconfig */;
			buildSettings = {
				ASSETCATALOG_COMPILER_APPICON_NAME = AppIcon;
				CODE_SIGN_STYLE = Automatic;
				DEVELOPMENT_TEAM = B66F5ALN2Q;
				INFOPLIST_FILE = AGPhotoEditor/Info.plist;
				LD_RUNPATH_SEARCH_PATHS = (
					"$(inherited)",
					"@executable_path/Frameworks",
				);
				PRODUCT_BUNDLE_IDENTIFIER = "com.agilie.AGPhotoEditor-2";
				PRODUCT_NAME = "$(TARGET_NAME)";
				SWIFT_VERSION = 4.0;
				TARGETED_DEVICE_FAMILY = "1,2";
			};
			name = Debug;
		};
		E9AFC8D720AD7B8E00FF76E2 /* Release */ = {
			isa = XCBuildConfiguration;
			baseConfigurationReference = 94D96CFC0D96F824796C8EAE /* Pods-AGPhotoEditor.release.xcconfig */;
			buildSettings = {
				ASSETCATALOG_COMPILER_APPICON_NAME = AppIcon;
				CODE_SIGN_STYLE = Automatic;
				DEVELOPMENT_TEAM = B66F5ALN2Q;
				INFOPLIST_FILE = AGPhotoEditor/Info.plist;
				LD_RUNPATH_SEARCH_PATHS = (
					"$(inherited)",
					"@executable_path/Frameworks",
				);
				PRODUCT_BUNDLE_IDENTIFIER = "com.agilie.AGPhotoEditor-2";
				PRODUCT_NAME = "$(TARGET_NAME)";
				SWIFT_VERSION = 4.0;
				TARGETED_DEVICE_FAMILY = "1,2";
			};
			name = Release;
		};
/* End XCBuildConfiguration section */

/* Begin XCConfigurationList section */
		E9AFC8BE20AD7B8A00FF76E2 /* Build configuration list for PBXProject "AGPhotoEditor" */ = {
			isa = XCConfigurationList;
			buildConfigurations = (
				E9AFC8D320AD7B8E00FF76E2 /* Debug */,
				E9AFC8D420AD7B8E00FF76E2 /* Release */,
			);
			defaultConfigurationIsVisible = 0;
			defaultConfigurationName = Release;
		};
		E9AFC8D520AD7B8E00FF76E2 /* Build configuration list for PBXNativeTarget "AGPhotoEditor" */ = {
			isa = XCConfigurationList;
			buildConfigurations = (
				E9AFC8D620AD7B8E00FF76E2 /* Debug */,
				E9AFC8D720AD7B8E00FF76E2 /* Release */,
			);
			defaultConfigurationIsVisible = 0;
			defaultConfigurationName = Release;
		};
/* End XCConfigurationList section */
	};
	rootObject = E9AFC8BB20AD7B8A00FF76E2 /* Project object */;
}
